PODS:
  - CryptoSwift (0.8.0)
  - GDAXSocketSwift (0.1.2):
    - CryptoSwift
  - Starscream (3.0.2)

DEPENDENCIES:
  - GDAXSocketSwift (from `../`)
  - Starscream (~> 3.0.2)

SPEC REPOS:
  https://github.com/cocoapods/specs.git:
    - CryptoSwift
    - Starscream

EXTERNAL SOURCES:
  GDAXSocketSwift:
    :path: "../"

SPEC CHECKSUMS:
  CryptoSwift: f81907430ebbe38b8404b4f6fb40f3c576a8755f
  GDAXSocketSwift: 13d137e1f4fb9be565e33c0423dbbce30dd46c40
  Starscream: b512c62f6706421221b5ceb2ba01a9f58aca5bea

PODFILE CHECKSUM: bbb93d6400b8c58b69e1c82f7a64b41ec326bef1

COCOAPODS: 1.5.3
